
Microsoft Visual Studio Solution File, Format Version 12.00
# Visual Studio Version 17
VisualStudioVersion = 17.7.34024.191
MinimumVisualStudioVersion = 10.0.40219.1
Project("{FAE04EC0-301F-11D3-BF4B-00C04F79EFBC}") = "NHibernate_CURD.20", "NHibernate_CURD.20\NHibernate_CURD.20.csproj", "{00CD8C05-66A9-4FF6-851C-9831F4396625}"
EndProject
Global
	GlobalSection(SolutionConfigurationPlatforms) = preSolution
		Debug|Any CPU = Debug|Any CPU
		Release|Any CPU = Release|Any CPU
	EndGlobalSection
	GlobalSection(ProjectConfigurationPlatforms) = postSolution
		{00CD8C05-66A9-4FF6-851C-9831F4396625}.Debug|Any CPU.ActiveCfg = Debug|Any CPU
		{00CD8C05-66A9-4FF6-851C-9831F4396625}.Debug|Any CPU.Build.0 = Debug|Any CPU
		{00CD8C05-66A9-4FF6-851C-9831F4396625}.Release|Any CPU.ActiveCfg = Release|Any CPU
		{00CD8C05-66A9-4FF6-851C-9831F4396625}.Release|Any CPU.Build.0 = Release|Any CPU
	EndGlobalSection
	GlobalSection(SolutionProperties) = preSolution
		HideSolutionNode = FALSE
	EndGlobalSection
	GlobalSection(ExtensibilityGlobals) = postSolution
		SolutionGuid = {20D98DE8-99E6-4D5D-9F78-CECA3DBA8FD1}
	EndGlobalSection
EndGlobal
